
Microsoft Visual Studio Solution File, Format Version 12.00
# Visual Studio Version 17
VisualStudioVersion = 17.5.002.0
MinimumVisualStudioVersion = 10.0.40219.1
Project("{9A19103F-16F7-4668-BE54-9A1E7A4F7556}") = "FindMaxInArray", "FindMaxInArray.csproj", "{30974D32-718E-4D8A-A60C-09BA29CC209C}"
EndProject
Global
	GlobalSection(SolutionConfigurationPlatforms) = preSolution
		Debug|Any CPU = Debug|Any CPU
		Release|Any CPU = Release|Any CPU
	EndGlobalSection
	GlobalSection(ProjectConfigurationPlatforms) = postSolution
		{30974D32-718E-4D8A-A60C-09BA29CC209C}.Debug|Any CPU.ActiveCfg = Debug|Any CPU
		{30974D32-718E-4D8A-A60C-09BA29CC209C}.Debug|Any CPU.Build.0 = Debug|Any CPU
		{30974D32-718E-4D8A-A60C-09BA29CC209C}.Release|Any CPU.ActiveCfg = Release|Any CPU
		{30974D32-718E-4D8A-A60C-09BA29CC209C}.Release|Any CPU.Build.0 = Release|Any CPU
	EndGlobalSection
	GlobalSection(SolutionProperties) = preSolution
		HideSolutionNode = FALSE
	EndGlobalSection
	GlobalSection(ExtensibilityGlobals) = postSolution
		SolutionGuid = {C312B5EF-9473-465B-9529-7F3DDF34CF2A}
	EndGlobalSection
EndGlobal
